
Microsoft Visual Studio Solution File, Format Version 12.00
# Visual Studio Version 17
VisualStudioVersion = 17.10.35027.167
MinimumVisualStudioVersion = 10.0.40219.1
Project("{00D1A9C2-B5F0-4AF3-8072-F6C62B433612}") = "AuthenticationDatabaseProject", "AuthenticationDatabaseProject\AuthenticationDatabaseProject.sqlproj", "{50D590DE-CEE9-491F-B9A8-AB810E32101F}"
EndProject
Global
	GlobalSection(SolutionConfigurationPlatforms) = preSolution
		Debug|Any CPU = Debug|Any CPU
		Release|Any CPU = Release|Any CPU
	EndGlobalSection
	GlobalSection(ProjectConfigurationPlatforms) = postSolution
		{50D590DE-CEE9-491F-B9A8-AB810E32101F}.Debug|Any CPU.ActiveCfg = Debug|Any CPU
		{50D590DE-CEE9-491F-B9A8-AB810E32101F}.Debug|Any CPU.Build.0 = Debug|Any CPU
		{50D590DE-CEE9-491F-B9A8-AB810E32101F}.Debug|Any CPU.Deploy.0 = Debug|Any CPU
		{50D590DE-CEE9-491F-B9A8-AB810E32101F}.Release|Any CPU.ActiveCfg = Release|Any CPU
		{50D590DE-CEE9-491F-B9A8-AB810E32101F}.Release|Any CPU.Build.0 = Release|Any CPU
		{50D590DE-CEE9-491F-B9A8-AB810E32101F}.Release|Any CPU.Deploy.0 = Release|Any CPU
	EndGlobalSection
	GlobalSection(SolutionProperties) = preSolution
		HideSolutionNode = FALSE
	EndGlobalSection
	GlobalSection(ExtensibilityGlobals) = postSolution
		SolutionGuid = {91C3444C-F041-4E96-B5CC-383962AEF771}
	EndGlobalSection
EndGlobal
